
Microsoft Visual Studio Solution File, Format Version 12.00
# Visual Studio Version 17
VisualStudioVersion = 17.0.32112.339
MinimumVisualStudioVersion = 10.0.40219.1
Project("{FAE04EC0-301F-11D3-BF4B-00C04F79EFBC}") = "123", "123\123.csproj", "{405EBE06-81EA-403C-870F-F0F955D719FF}"
EndProject
Global
	GlobalSection(SolutionConfigurationPlatforms) = preSolution
		Debug|Any CPU = Debug|Any CPU
		Release|Any CPU = Release|Any CPU
	EndGlobalSection
	GlobalSection(ProjectConfigurationPlatforms) = postSolution
		{405EBE06-81EA-403C-870F-F0F955D719FF}.Debug|Any CPU.ActiveCfg = Debug|Any CPU
		{405EBE06-81EA-403C-870F-F0F955D719FF}.Debug|Any CPU.Build.0 = Debug|Any CPU
		{405EBE06-81EA-403C-870F-F0F955D719FF}.Release|Any CPU.ActiveCfg = Release|Any CPU
		{405EBE06-81EA-403C-870F-F0F955D719FF}.Release|Any CPU.Build.0 = Release|Any CPU
	EndGlobalSection
	GlobalSection(SolutionProperties) = preSolution
		HideSolutionNode = FALSE
	EndGlobalSection
	GlobalSection(ExtensibilityGlobals) = postSolution
		SolutionGuid = {E441EDE3-2DC9-4993-8912-47CE640C6014}
	EndGlobalSection
EndGlobal
с др
